
Microsoft Visual Studio Solution File, Format Version 12.00
# Visual Studio 14
VisualStudioVersion = 14.0.23107.0
MinimumVisualStudioVersion = 10.0.40219.1
Project("{FAE04EC0-301F-11D3-BF4B-00C04F79EFBC}") = "Search", "Search.csproj", "{0A89813A-283E-4296-B4AC-E3E91A5E1F7D}"
EndProject
Global
	GlobalSection(SolutionConfigurationPlatforms) = preSolution
		Debug|Any CPU = Debug|Any CPU
		Release|Any CPU = Release|Any CPU
	EndGlobalSection
	GlobalSection(ProjectConfigurationPlatforms) = postSolution
		{0A89813A-283E-4296-B4AC-E3E91A5E1F7D}.Debug|Any CPU.ActiveCfg = Debug|Any CPU
		{0A89813A-283E-4296-B4AC-E3E91A5E1F7D}.Debug|Any CPU.Build.0 = Debug|Any CPU
		{0A89813A-283E-4296-B4AC-E3E91A5E1F7D}.Release|Any CPU.ActiveCfg = Release|Any CPU
		{0A89813A-283E-4296-B4AC-E3E91A5E1F7D}.Release|Any CPU.Build.0 = Release|Any CPU
	EndGlobalSection
	GlobalSection(SolutionProperties) = preSolution
		HideSolutionNode = FALSE
	EndGlobalSection
EndGlobal
